// !$*UTF8*$!
{
	archiveVersion = 1;
	classes = {
	};
	objectVersion = 48;
	objects = {

/* Begin PBXBuildFile section */
		B80710060F4066537B7C9C3E /* Pods_TestPhotoView.framework in Frameworks */ = {isa = PBXBuildFile; fileRef = 19074B13B5A678919BAB16DC /* Pods_TestPhotoView.framework */; };
		F9133E6B1F9714DD0083D8A6 /* Media.swift in Sources */ = {isa = PBXBuildFile; fileRef = F9133E5E1F9714A90083D8A6 /* Media.swift */; };
		F9133E6C1F9714F00083D8A6 /* MediaBrowser.swift in Sources */ = {isa = PBXBuildFile; fileRef = F9133E601F9714A90083D8A6 /* MediaBrowser.swift */; };
		F9133E6D1F9714F40083D8A6 /* MediaBrowserDelegate.swift in Sources */ = {isa = PBXBuildFile; fileRef = F9133E621F9714A90083D8A6 /* MediaBrowserDelegate.swift */; };
		F9133E6E1F9714F80083D8A6 /* MediaCaptionView.swift in Sources */ = {isa = PBXBuildFile; fileRef = F9133E631F9714A90083D8A6 /* MediaCaptionView.swift */; };
		F9133E6F1F9714FC0083D8A6 /* MediaGridCell.swift in Sources */ = {isa = PBXBuildFile; fileRef = F9133E641F9714A90083D8A6 /* MediaGridCell.swift */; };
		F9133E701F9714FF0083D8A6 /* MediaGridViewController.swift in Sources */ = {isa = PBXBuildFile; fileRef = F9133E651F9714A90083D8A6 /* MediaGridViewController.swift */; };
		F9133E711F9715040083D8A6 /* MediaTapDetectingImageView.swift in Sources */ = {isa = PBXBuildFile; fileRef = F9133E661F9714A90083D8A6 /* MediaTapDetectingImageView.swift */; };
		F9133E731F97150C0083D8A6 /* MediaZoomingScrollView.swift in Sources */ = {isa = PBXBuildFile; fileRef = F9133E681F9714A90083D8A6 /* MediaZoomingScrollView.swift */; };
		F9661FAC1F94905300829EDE /* AppDelegate.swift in Sources */ = {isa = PBXBuildFile; fileRef = F9661FAB1F94905300829EDE /* AppDelegate.swift */; };
		F9661FAE1F94905300829EDE /* ViewController.swift in Sources */ = {isa = PBXBuildFile; fileRef = F9661FAD1F94905300829EDE /* ViewController.swift */; };
		F9661FB11F94905300829EDE /* Main.storyboard in Resources */ = {isa = PBXBuildFile; fileRef = F9661FAF1F94905300829EDE /* Main.storyboard */; };
		F9661FB61F94905300829EDE /* LaunchScreen.storyboard in Resources */ = {isa = PBXBuildFile; fileRef = F9661FB41F94905300829EDE /* LaunchScreen.storyboard */; };
		F99C6B611F973C69005E6654 /* UIViewControllerExtension.swift in Sources */ = {isa = PBXBuildFile; fileRef = F99C6B601F973C69005E6654 /* UIViewControllerExtension.swift */; };
		F99C6B631F97466F005E6654 /* MediaBrowser.xcassets in Resources */ = {isa = PBXBuildFile; fileRef = F9133E611F9714A90083D8A6 /* MediaBrowser.xcassets */; };
/* End PBXBuildFile section */

/* Begin PBXFileReference section */
		19074B13B5A678919BAB16DC /* Pods_TestPhotoView.framework */ = {isa = PBXFileReference; explicitFileType = wrapper.framework; includeInIndex = 0; path = Pods_TestPhotoView.framework; sourceTree = BUILT_PRODUCTS_DIR; };
		4D0AE93DDD000447746071A6 /* Pods-TestPhotoView.debug.xcconfig */ = {isa = PBXFileReference; includeInIndex = 1; lastKnownFileType = text.xcconfig; name = "Pods-TestPhotoView.debug.xcconfig"; path = "Pods/Target Support Files/Pods-TestPhotoView/Pods-TestPhotoView.debug.xcconfig"; sourceTree = "<group>"; };
		7E16B88468FAB965E1F34C35 /* Pods-TestPhotoView.release.xcconfig */ = {isa = PBXFileReference; includeInIndex = 1; lastKnownFileType = text.xcconfig; name = "Pods-TestPhotoView.release.xcconfig"; path = "Pods/Target Support Files/Pods-TestPhotoView/Pods-TestPhotoView.release.xcconfig"; sourceTree = "<group>"; };
		F9133E5E1F9714A90083D8A6 /* Media.swift */ = {isa = PBXFileReference; lastKnownFileType = sourcecode.swift; path = Media.swift; sourceTree = "<group>"; };
		F9133E5F1F9714A90083D8A6 /* MediaBrowser.h */ = {isa = PBXFileReference; lastKnownFileType = sourcecode.c.h; path = MediaBrowser.h; sourceTree = "<group>"; };
		F9133E601F9714A90083D8A6 /* MediaBrowser.swift */ = {isa = PBXFileReference; lastKnownFileType = sourcecode.swift; path = MediaBrowser.swift; sourceTree = "<group>"; };
		F9133E611F9714A90083D8A6 /* MediaBrowser.xcassets */ = {isa = PBXFileReference; lastKnownFileType = folder.assetcatalog; path = MediaBrowser.xcassets; sourceTree = "<group>"; };
		F9133E621F9714A90083D8A6 /* MediaBrowserDelegate.swift */ = {isa = PBXFileReference; lastKnownFileType = sourcecode.swift; path = MediaBrowserDelegate.swift; sourceTree = "<group>"; };
		F9133E631F9714A90083D8A6 /* MediaCaptionView.swift */ = {isa = PBXFileReference; lastKnownFileType = sourcecode.swift; path = MediaCaptionView.swift; sourceTree = "<group>"; };
		F9133E641F9714A90083D8A6 /* MediaGridCell.swift */ = {isa = PBXFileReference; lastKnownFileType = sourcecode.swift; path = MediaGridCell.swift; sourceTree = "<group>"; };
		F9133E651F9714A90083D8A6 /* MediaGridViewController.swift */ = {isa = PBXFileReference; lastKnownFileType = sourcecode.swift; path = MediaGridViewController.swift; sourceTree = "<group>"; };
		F9133E661F9714A90083D8A6 /* MediaTapDetectingImageView.swift */ = {isa = PBXFileReference; lastKnownFileType = sourcecode.swift; path = MediaTapDetectingImageView.swift; sourceTree = "<group>"; };
		F9133E681F9714A90083D8A6 /* MediaZoomingScrollView.swift */ = {isa = PBXFileReference; lastKnownFileType = sourcecode.swift; path = MediaZoomingScrollView.swift; sourceTree = "<group>"; };
		F9661FA81F94905300829EDE /* TestPhotoView.app */ = {isa = PBXFileReference; explicitFileType = wrapper.application; includeInIndex = 0; path = TestPhotoView.app; sourceTree = BUILT_PRODUCTS_DIR; };
		F9661FAB1F94905300829EDE /* AppDelegate.swift */ = {isa = PBXFileReference; lastKnownFileType = sourcecode.swift; path = AppDelegate.swift; sourceTree = "<group>"; };
		F9661FAD1F94905300829EDE /* ViewController.swift */ = {isa = PBXFileReference; lastKnownFileType = sourcecode.swift; path = ViewController.swift; sourceTree = "<group>"; };
		F9661FB01F94905300829EDE /* Base */ = {isa = PBXFileReference; lastKnownFileType = file.storyboard; name = Base; path = Base.lproj/Main.storyboard; sourceTree = "<group>"; };
		F9661FB51F94905300829EDE /* Base */ = {isa = PBXFileReference; lastKnownFileType = file.storyboard; name = Base; path = Base.lproj/LaunchScreen.storyboard; sourceTree = "<group>"; };
		F9661FB71F94905300829EDE /* Info.plist */ = {isa = PBXFileReference; lastKnownFileType = text.plist.xml; path = Info.plist; sourceTree = "<group>"; };
		F99C6B601F973C69005E6654 /* UIViewControllerExtension.swift */ = {isa = PBXFileReference; lastKnownFileType = sourcecode.swift; path = UIViewControllerExtension.swift; sourceTree = "<group>"; };
/* End PBXFileReference section */

/* Begin PBXFrameworksBuildPhase section */
		F9661FA51F94905300829EDE /* Frameworks */ = {
			isa = PBXFrameworksBuildPhase;
			buildActionMask = 2147483647;
			files = (
				B80710060F4066537B7C9C3E /* Pods_TestPhotoView.framework in Frameworks */,
			);
			runOnlyForDeploymentPostprocessing = 0;
		};
/* End PBXFrameworksBuildPhase section */

/* Begin PBXGroup section */
		AE66A0A145D6FFC36A94A6B2 /* Pods */ = {
			isa = PBXGroup;
			children = (
				4D0AE93DDD000447746071A6 /* Pods-TestPhotoView.debug.xcconfig */,
				7E16B88468FAB965E1F34C35 /* Pods-TestPhotoView.release.xcconfig */,
			);
			name = Pods;
			sourceTree = "<group>";
		};
		D0DE1EF591966B2303AF6B28 /* Frameworks */ = {
			isa = PBXGroup;
			children = (
				19074B13B5A678919BAB16DC /* Pods_TestPhotoView.framework */,
			);
			name = Frameworks;
			sourceTree = "<group>";
		};
		F9133E5C1F9714A90083D8A6 /* MediaBrowser */ = {
			isa = PBXGroup;
			children = (
				F9133E5E1F9714A90083D8A6 /* Media.swift */,
				F9133E5F1F9714A90083D8A6 /* MediaBrowser.h */,
				F9133E601F9714A90083D8A6 /* MediaBrowser.swift */,
				F9133E611F9714A90083D8A6 /* MediaBrowser.xcassets */,
				F9133E621F9714A90083D8A6 /* MediaBrowserDelegate.swift */,
				F9133E631F9714A90083D8A6 /* MediaCaptionView.swift */,
				F9133E641F9714A90083D8A6 /* MediaGridCell.swift */,
				F9133E651F9714A90083D8A6 /* MediaGridViewController.swift */,
				F9133E661F9714A90083D8A6 /* MediaTapDetectingImageView.swift */,
				F9133E681F9714A90083D8A6 /* MediaZoomingScrollView.swift */,
				F99C6B601F973C69005E6654 /* UIViewControllerExtension.swift */,
			);
			path = MediaBrowser;
			sourceTree = "<group>";
		};
		F9661F9F1F94905300829EDE = {
			isa = PBXGroup;
			children = (
				F9661FAA1F94905300829EDE /* TestPhotoView */,
				F9661FA91F94905300829EDE /* Products */,
				AE66A0A145D6FFC36A94A6B2 /* Pods */,
				D0DE1EF591966B2303AF6B28 /* Frameworks */,
			);
			sourceTree = "<group>";
		};
		F9661FA91F94905300829EDE /* Products */ = {
			isa = PBXGroup;
			children = (
				F9661FA81F94905300829EDE /* TestPhotoView.app */,
			);
			name = Products;
			sourceTree = "<group>";
		};
		F9661FAA1F94905300829EDE /* TestPhotoView */ = {
			isa = PBXGroup;
			children = (
				F9133E5C1F9714A90083D8A6 /* MediaBrowser */,
				F9661FAB1F94905300829EDE /* AppDelegate.swift */,
				F9661FAD1F94905300829EDE /* ViewController.swift */,
				F9661FAF1F94905300829EDE /* Main.storyboard */,
				F9661FB41F94905300829EDE /* LaunchScreen.storyboard */,
				F9661FB71F94905300829EDE /* Info.plist */,
			);
			path = TestPhotoView;
			sourceTree = "<group>";
		};
/* End PBXGroup section */

/* Begin PBXNativeTarget section */
		F9661FA71F94905300829EDE /* TestPhotoView */ = {
			isa = PBXNativeTarget;
			buildConfigurationList = F9661FBA1F94905300829EDE /* Build configuration list for PBXNativeTarget "TestPhotoView" */;
			buildPhases = (
				8B67D352B0C239F6FCA12F1A /* [CP] Check Pods Manifest.lock */,
				F9661FA41F94905300829EDE /* Sources */,
				F9661FA51F94905300829EDE /* Frameworks */,
				F9661FA61F94905300829EDE /* Resources */,
				1CF758E4A33A2811B9EB31BA /* [CP] Embed Pods Frameworks */,
				E11165657B4472E4F23D3EE7 /* [CP] Copy Pods Resources */,
			);
			buildRules = (
			);
			dependencies = (
			);
			name = TestPhotoView;
			productName = TestPhotoView;
			productReference = F9661FA81F94905300829EDE /* TestPhotoView.app */;
			productType = "com.apple.product-type.application";
		};
/* End PBXNativeTarget section */

/* Begin PBXProject section */
		F9661FA01F94905300829EDE /* Project object */ = {
			isa = PBXProject;
			attributes = {
				LastSwiftUpdateCheck = 0900;
				LastUpgradeCheck = 0900;
				ORGANIZATIONNAME = LBD;
				TargetAttributes = {
					F9661FA71F94905300829EDE = {
						CreatedOnToolsVersion = 9.0;
						ProvisioningStyle = Automatic;
					};
				};
			};
			buildConfigurationList = F9661FA31F94905300829EDE /* Build configuration list for PBXProject "TestPhotoView" */;
			compatibilityVersion = "Xcode 8.0";
			developmentRegion = en;
			hasScannedForEncodings = 0;
			knownRegions = (
				en,
				Base,
			);
			mainGroup = F9661F9F1F94905300829EDE;
			productRefGroup = F9661FA91F94905300829EDE /* Products */;
			projectDirPath = "";
			projectRoot = "";
			targets = (
				F9661FA71F94905300829EDE /* TestPhotoView */,
			);
		};
/* End PBXProject section */

/* Begin PBXResourcesBuildPhase section */
		F9661FA61F94905300829EDE /* Resources */ = {
			isa = PBXResourcesBuildPhase;
			buildActionMask = 2147483647;
			files = (
				F99C6B631F97466F005E6654 /* MediaBrowser.xcassets in Resources */,
				F9661FB61F94905300829EDE /* LaunchScreen.storyboard in Resources */,
				F9661FB11F94905300829EDE /* Main.storyboard in Resources */,
			);
			runOnlyForDeploymentPostprocessing = 0;
		};
/* End PBXResourcesBuildPhase section */

/* Begin PBXShellScriptBuildPhase section */
		1CF758E4A33A2811B9EB31BA /* [CP] Embed Pods Frameworks */ = {
			isa = PBXShellScriptBuildPhase;
			buildActionMask = 2147483647;
			files = (
			);
			inputPaths = (
				"${SRCROOT}/Pods/Target Support Files/Pods-TestPhotoView/Pods-TestPhotoView-frameworks.sh",
				"${BUILT_PRODUCTS_DIR}/SDWebImage/SDWebImage.framework",
			);
			name = "[CP] Embed Pods Frameworks";
			outputPaths = (
				"${TARGET_BUILD_DIR}/${FRAMEWORKS_FOLDER_PATH}/SDWebImage.framework",
			);
			runOnlyForDeploymentPostprocessing = 0;
			shellPath = /bin/sh;
			shellScript = "\"${SRCROOT}/Pods/Target Support Files/Pods-TestPhotoView/Pods-TestPhotoView-frameworks.sh\"\n";
			showEnvVarsInLog = 0;
		};
		8B67D352B0C239F6FCA12F1A /* [CP] Check Pods Manifest.lock */ = {
			isa = PBXShellScriptBuildPhase;
			buildActionMask = 2147483647;
			files = (
			);
			inputPaths = (
				"${PODS_PODFILE_DIR_PATH}/Podfile.lock",
				"${PODS_ROOT}/Manifest.lock",
			);
			name = "[CP] Check Pods Manifest.lock";
			outputPaths = (
				"$(DERIVED_FILE_DIR)/Pods-TestPhotoView-checkManifestLockResult.txt",
			);
			runOnlyForDeploymentPostprocessing = 0;
			shellPath = /bin/sh;
			shellScript = "diff \"${PODS_PODFILE_DIR_PATH}/Podfile.lock\" \"${PODS_ROOT}/Manifest.lock\" > /dev/null\nif [ $? != 0 ] ; then\n    # print error to STDERR\n    echo \"error: The sandbox is not in sync with the Podfile.lock. Run 'pod install' or update your CocoaPods installation.\" >&2\n    exit 1\nfi\n# This output is used by Xcode 'outputs' to avoid re-running this script phase.\necho \"SUCCESS\" > \"${SCRIPT_OUTPUT_FILE_0}\"\n";
			showEnvVarsInLog = 0;
		};
		E11165657B4472E4F23D3EE7 /* [CP] Copy Pods Resources */ = {
			isa = PBXShellScriptBuildPhase;
			buildActionMask = 2147483647;
			files = (
			);
			inputPaths = (
			);
			name = "[CP] Copy Pods Resources";
			outputPaths = (
			);
			runOnlyForDeploymentPostprocessing = 0;
			shellPath = /bin/sh;
			shellScript = "\"${SRCROOT}/Pods/Target Support Files/Pods-TestPhotoView/Pods-TestPhotoView-resources.sh\"\n";
			showEnvVarsInLog = 0;
		};
/* End PBXShellScriptBuildPhase section */

/* Begin PBXSourcesBuildPhase section */
		F9661FA41F94905300829EDE /* Sources */ = {
			isa = PBXSourcesBuildPhase;
			buildActionMask = 2147483647;
			files = (
				F9133E6D1F9714F40083D8A6 /* MediaBrowserDelegate.swift in Sources */,
				F9661FAE1F94905300829EDE /* ViewController.swift in Sources */,
				F9133E6E1F9714F80083D8A6 /* MediaCaptionView.swift in Sources */,
				F9133E731F97150C0083D8A6 /* MediaZoomingScrollView.swift in Sources */,
				F9133E6C1F9714F00083D8A6 /* MediaBrowser.swift in Sources */,
				F9133E711F9715040083D8A6 /* MediaTapDetectingImageView.swift in Sources */,
				F9133E6F1F9714FC0083D8A6 /* MediaGridCell.swift in Sources */,
				F9133E701F9714FF0083D8A6 /* MediaGridViewController.swift in Sources */,
				F99C6B611F973C69005E6654 /* UIViewControllerExtension.swift in Sources */,
				F9661FAC1F94905300829EDE /* AppDelegate.swift in Sources */,
				F9133E6B1F9714DD0083D8A6 /* Media.swift in Sources */,
			);
			runOnlyForDeploymentPostprocessing = 0;
		};
/* End PBXSourcesBuildPhase section */

/* Begin PBXVariantGroup section */
		F9661FAF1F94905300829EDE /* Main.storyboard */ = {
			isa = PBXVariantGroup;
			children = (
				F9661FB01F94905300829EDE /* Base */,
			);
			name = Main.storyboard;
			sourceTree = "<group>";
		};
		F9661FB41F94905300829EDE /* LaunchScreen.storyboard */ = {
			isa = PBXVariantGroup;
			children = (
				F9661FB51F94905300829EDE /* Base */,
			);
			name = LaunchScreen.storyboard;
			sourceTree = "<group>";
		};
/* End PBXVariantGroup section */

/* Begin XCBuildConfiguration section */
		F9661FB81F94905300829EDE /* Debug */ = {
			isa = XCBuildConfiguration;
			buildSettings = {
				ALWAYS_SEARCH_USER_PATHS = NO;
				CLANG_ANALYZER_NONNULL = YES;
				CLANG_ANALYZER_NUMBER_OBJECT_CONVERSION = YES_AGGRESSIVE;
				CLANG_CXX_LANGUAGE_STANDARD = "gnu++14";
				CLANG_CXX_LIBRARY = "libc++";
				CLANG_ENABLE_MODULES = YES;
				CLANG_ENABLE_OBJC_ARC = YES;
				CLANG_WARN_BLOCK_CAPTURE_AUTORELEASING = YES;
				CLANG_WARN_BOOL_CONVERSION = YES;
				CLANG_WARN_COMMA = YES;
				CLANG_WARN_CONSTANT_CONVERSION = YES;
				CLANG_WARN_DIRECT_OBJC_ISA_USAGE = YES_ERROR;
				CLANG_WARN_DOCUMENTATION_COMMENTS = YES;
				CLANG_WARN_EMPTY_BODY = YES;
				CLANG_WARN_ENUM_CONVERSION = YES;
				CLANG_WARN_INFINITE_RECURSION = YES;
				CLANG_WARN_INT_CONVERSION = YES;
				CLANG_WARN_NON_LITERAL_NULL_CONVERSION = YES;
				CLANG_WARN_OBJC_LITERAL_CONVERSION = YES;
				CLANG_WARN_OBJC_ROOT_CLASS = YES_ERROR;
				CLANG_WARN_RANGE_LOOP_ANALYSIS = YES;
				CLANG_WARN_STRICT_PROTOTYPES = YES;
				CLANG_WARN_SUSPICIOUS_MOVE = YES;
				CLANG_WARN_UNGUARDED_AVAILABILITY = YES_AGGRESSIVE;
				CLANG_WARN_UNREACHABLE_CODE = YES;
				CLANG_WARN__DUPLICATE_METHOD_MATCH = YES;
				CODE_SIGN_IDENTITY = "iPhone Developer";
				COPY_PHASE_STRIP = NO;
				DEBUG_INFORMATION_FORMAT = dwarf;
				ENABLE_STRICT_OBJC_MSGSEND = YES;
				ENABLE_TESTABILITY = YES;
				GCC_C_LANGUAGE_STANDARD = gnu11;
				GCC_DYNAMIC_NO_PIC = NO;
				GCC_NO_COMMON_BLOCKS = YES;
				GCC_OPTIMIZATION_LEVEL = 0;
				GCC_PREPROCESSOR_DEFINITIONS = (
					"DEBUG=1",
					"$(inherited)",
				);
				GCC_WARN_64_TO_32_BIT_CONVERSION = YES;
				GCC_WARN_ABOUT_RETURN_TYPE = YES_ERROR;
				GCC_WARN_UNDECLARED_SELECTOR = YES;
				GCC_WARN_UNINITIALIZED_AUTOS = YES_AGGRESSIVE;
				GCC_WARN_UNUSED_FUNCTION = YES;
				GCC_WARN_UNUSED_VARIABLE = YES;
				IPHONEOS_DEPLOYMENT_TARGET = 9.0;
				MTL_ENABLE_DEBUG_INFO = YES;
				ONLY_ACTIVE_ARCH = YES;
				SDKROOT = iphoneos;
				SWIFT_ACTIVE_COMPILATION_CONDITIONS = DEBUG;
				SWIFT_OPTIMIZATION_LEVEL = "-Onone";
			};
			name = Debug;
		};
		F9661FB91F94905300829EDE /* Release */ = {
			isa = XCBuildConfiguration;
			buildSettings = {
				ALWAYS_SEARCH_USER_PATHS = NO;
				CLANG_ANALYZER_NONNULL = YES;
				CLANG_ANALYZER_NUMBER_OBJECT_CONVERSION = YES_AGGRESSIVE;
				CLANG_CXX_LANGUAGE_STANDARD = "gnu++14";
				CLANG_CXX_LIBRARY = "libc++";
				CLANG_ENABLE_MODULES = YES;
				CLANG_ENABLE_OBJC_ARC = YES;
				CLANG_WARN_BLOCK_CAPTURE_AUTORELEASING = YES;
				CLANG_WARN_BOOL_CONVERSION = YES;
				CLANG_WARN_COMMA = YES;
				CLANG_WARN_CONSTANT_CONVERSION = YES;
				CLANG_WARN_DIRECT_OBJC_ISA_USAGE = YES_ERROR;
				CLANG_WARN_DOCUMENTATION_COMMENTS = YES;
				CLANG_WARN_EMPTY_BODY = YES;
				CLANG_WARN_ENUM_CONVERSION = YES;
				CLANG_WARN_INFINITE_RECURSION = YES;
				CLANG_WARN_INT_CONVERSION = YES;
				CLANG_WARN_NON_LITERAL_NULL_CONVERSION = YES;
				CLANG_WARN_OBJC_LITERAL_CONVERSION = YES;
				CLANG_WARN_OBJC_ROOT_CLASS = YES_ERROR;
				CLANG_WARN_RANGE_LOOP_ANALYSIS = YES;
				CLANG_WARN_STRICT_PROTOTYPES = YES;
				CLANG_WARN_SUSPICIOUS_MOVE = YES;
				CLANG_WARN_UNGUARDED_AVAILABILITY = YES_AGGRESSIVE;
				CLANG_WARN_UNREACHABLE_CODE = YES;
				CLANG_WARN__DUPLICATE_METHOD_MATCH = YES;
				CODE_SIGN_IDENTITY = "iPhone Developer";
				COPY_PHASE_STRIP = NO;
				DEBUG_INFORMATION_FORMAT = "dwarf-with-dsym";
				ENABLE_NS_ASSERTIONS = NO;
				ENABLE_STRICT_OBJC_MSGSEND = YES;
				GCC_C_LANGUAGE_STANDARD = gnu11;
				GCC_NO_COMMON_BLOCKS = YES;
				GCC_WARN_64_TO_32_BIT_CONVERSION = YES;
				GCC_WARN_ABOUT_RETURN_TYPE = YES_ERROR;
				GCC_WARN_UNDECLARED_SELECTOR = YES;
				GCC_WARN_UNINITIALIZED_AUTOS = YES_AGGRESSIVE;
				GCC_WARN_UNUSED_FUNCTION = YES;
				GCC_WARN_UNUSED_VARIABLE = YES;
				IPHONEOS_DEPLOYMENT_TARGET = 9.0;
				MTL_ENABLE_DEBUG_INFO = NO;
				SDKROOT = iphoneos;
				SWIFT_OPTIMIZATION_LEVEL = "-Owholemodule";
				VALIDATE_PRODUCT = YES;
			};
			name = Release;
		};
		F9661FBB1F94905300829EDE /* Debug */ = {
			isa = XCBuildConfiguration;
			baseConfigurationReference = 4D0AE93DDD000447746071A6 /* Pods-TestPhotoView.debug.xcconfig */;
			buildSettings = {
				ASSETCATALOG_COMPILER_APPICON_NAME = AppIcon;
				ASSETCATALOG_COMPILER_LAUNCHIMAGE_NAME = LaunchImage;
				CODE_SIGN_STYLE = Automatic;
				DEVELOPMENT_TEAM = P9EZG3V6S8;
				INFOPLIST_FILE = TestPhotoView/Info.plist;
				IPHONEOS_DEPLOYMENT_TARGET = 9.0;
				LD_RUNPATH_SEARCH_PATHS = "$(inherited) @executable_path/Frameworks";
				PRODUCT_BUNDLE_IDENTIFIER = com.lbd.TestPhotoView;
				PRODUCT_NAME = "$(TARGET_NAME)";
				SWIFT_VERSION = 4.0;
				TARGETED_DEVICE_FAMILY = "1,2";
			};
			name = Debug;
		};
		F9661FBC1F94905300829EDE /* Release */ = {
			isa = XCBuildConfiguration;
			baseConfigurationReference = 7E16B88468FAB965E1F34C35 /* Pods-TestPhotoView.release.xcconfig */;
			buildSettings = {
				ASSETCATALOG_COMPILER_APPICON_NAME = AppIcon;
				ASSETCATALOG_COMPILER_LAUNCHIMAGE_NAME = LaunchImage;
				CODE_SIGN_STYLE = Automatic;
				DEVELOPMENT_TEAM = P9EZG3V6S8;
				INFOPLIST_FILE = TestPhotoView/Info.plist;
				IPHONEOS_DEPLOYMENT_TARGET = 9.0;
				LD_RUNPATH_SEARCH_PATHS = "$(inherited) @executable_path/Frameworks";
				PRODUCT_BUNDLE_IDENTIFIER = com.lbd.TestPhotoView;
				PRODUCT_NAME = "$(TARGET_NAME)";
				SWIFT_VERSION = 4.0;
				TARGETED_DEVICE_FAMILY = "1,2";
			};
			name = Release;
		};
/* End XCBuildConfiguration section */

/* Begin XCConfigurationList section */
		F9661FA31F94905300829EDE /* Build configuration list for PBXProject "TestPhotoView" */ = {
			isa = XCConfigurationList;
			buildConfigurations = (
				F9661FB81F94905300829EDE /* Debug */,
				F9661FB91F94905300829EDE /* Release */,
			);
			defaultConfigurationIsVisible = 0;
			defaultConfigurationName = Release;
		};
		F9661FBA1F94905300829EDE /* Build configuration list for PBXNativeTarget "TestPhotoView" */ = {
			isa = XCConfigurationList;
			buildConfigurations = (
				F9661FBB1F94905300829EDE /* Debug */,
				F9661FBC1F94905300829EDE /* Release */,
			);
			defaultConfigurationIsVisible = 0;
			defaultConfigurationName = Release;
		};
/* End XCConfigurationList section */
	};
	rootObject = F9661FA01F94905300829EDE /* Project object */;
}
